// !$*UTF8*$!
{
	archiveVersion = 1;
	classes = {
	};
	objectVersion = 50;
	objects = {

/* Begin PBXBuildFile section */
		15D410DA228A1A5400E5DB0F /* SugarSyncSDK.h in Headers */ = {isa = PBXBuildFile; fileRef = 15D410D8228A1A5400E5DB0F /* SugarSyncSDK.h */; settings = {ATTRIBUTES = (Public, ); }; };
		15D41107228A1AB100E5DB0F /* sugarsync-banner.png in Resources */ = {isa = PBXBuildFile; fileRef = 15D410E1228A1AB100E5DB0F /* sugarsync-banner.png */; };
		15D41108228A1AB100E5DB0F /* SugarSyncFile.h in Headers */ = {isa = PBXBuildFile; fileRef = 15D410E3228A1AB100E5DB0F /* SugarSyncFile.h */; };
		15D41109228A1AB100E5DB0F /* SugarSyncContact.h in Headers */ = {isa = PBXBuildFile; fileRef = 15D410E4228A1AB100E5DB0F /* SugarSyncContact.h */; };
		15D4110A228A1AB100E5DB0F /* SugarSyncClient.h in Headers */ = {isa = PBXBuildFile; fileRef = 15D410E5228A1AB100E5DB0F /* SugarSyncClient.h */; };
		15D4110B228A1AB100E5DB0F /* SugarSyncCollection.h in Headers */ = {isa = PBXBuildFile; fileRef = 15D410E6228A1AB100E5DB0F /* SugarSyncCollection.h */; };
		15D4110C228A1AB100E5DB0F /* SugarSyncFolder.h in Headers */ = {isa = PBXBuildFile; fileRef = 15D410E7228A1AB100E5DB0F /* SugarSyncFolder.h */; };
		15D4110D228A1AB100E5DB0F /* SugarSyncWorkspace.h in Headers */ = {isa = PBXBuildFile; fileRef = 15D410E8228A1AB100E5DB0F /* SugarSyncWorkspace.h */; };
		15D4110E228A1AB100E5DB0F /* SugarSyncReceivedShare.h in Headers */ = {isa = PBXBuildFile; fileRef = 15D410E9228A1AB100E5DB0F /* SugarSyncReceivedShare.h */; };
		15D4110F228A1AB100E5DB0F /* SugarSyncUser.h in Headers */ = {isa = PBXBuildFile; fileRef = 15D410EA228A1AB100E5DB0F /* SugarSyncUser.h */; };
		15D41110228A1AB100E5DB0F /* SugarSyncAlbum.h in Headers */ = {isa = PBXBuildFile; fileRef = 15D410EB228A1AB100E5DB0F /* SugarSyncAlbum.h */; };
		15D41111228A1AB100E5DB0F /* SugarSyncFileVersion.h in Headers */ = {isa = PBXBuildFile; fileRef = 15D410EC228A1AB100E5DB0F /* SugarSyncFileVersion.h */; };
		15D41112228A1AB100E5DB0F /* SSHttpFetcher.m in Sources */ = {isa = PBXBuildFile; fileRef = 15D410EE228A1AB100E5DB0F /* SSHttpFetcher.m */; };
		15D41113228A1AB100E5DB0F /* XPathQuery.h in Headers */ = {isa = PBXBuildFile; fileRef = 15D410EF228A1AB100E5DB0F /* XPathQuery.h */; };
		15D41114228A1AB100E5DB0F /* SSXMLLibUtil.m in Sources */ = {isa = PBXBuildFile; fileRef = 15D410F0228A1AB100E5DB0F /* SSXMLLibUtil.m */; };
		15D41115228A1AB100E5DB0F /* SSC9Log.m in Sources */ = {isa = PBXBuildFile; fileRef = 15D410F1228A1AB100E5DB0F /* SSC9Log.m */; };
		15D41116228A1AB100E5DB0F /* SSErrorUtil.m in Sources */ = {isa = PBXBuildFile; fileRef = 15D410F2228A1AB100E5DB0F /* SSErrorUtil.m */; };
		15D41117228A1AB100E5DB0F /* SSHttpFetcher.h in Headers */ = {isa = PBXBuildFile; fileRef = 15D410F3228A1AB100E5DB0F /* SSHttpFetcher.h */; };
		15D41118228A1AB100E5DB0F /* XPathQuery.m in Sources */ = {isa = PBXBuildFile; fileRef = 15D410F4228A1AB100E5DB0F /* XPathQuery.m */; };
		15D41119228A1AB100E5DB0F /* SSC9Log.h in Headers */ = {isa = PBXBuildFile; fileRef = 15D410F5228A1AB100E5DB0F /* SSC9Log.h */; };
		15D4111A228A1AB100E5DB0F /* SSXMLLibUtil.h in Headers */ = {isa = PBXBuildFile; fileRef = 15D410F6228A1AB100E5DB0F /* SSXMLLibUtil.h */; };
		15D4111B228A1AB100E5DB0F /* SSErrorUtil.h in Headers */ = {isa = PBXBuildFile; fileRef = 15D410F7228A1AB100E5DB0F /* SSErrorUtil.h */; };
		15D4111C228A1AB100E5DB0F /* SugarSyncFolder.m in Sources */ = {isa = PBXBuildFile; fileRef = 15D410F9228A1AB100E5DB0F /* SugarSyncFolder.m */; };
		15D4111D228A1AB100E5DB0F /* SugarSyncLoginViewController.m in Sources */ = {isa = PBXBuildFile; fileRef = 15D410FA228A1AB100E5DB0F /* SugarSyncLoginViewController.m */; };
		15D4111E228A1AB100E5DB0F /* SugarSyncLoginView_ipad.xib in Resources */ = {isa = PBXBuildFile; fileRef = 15D410FB228A1AB100E5DB0F /* SugarSyncLoginView_ipad.xib */; };
		15D4111F228A1AB100E5DB0F /* SugarSyncUser.m in Sources */ = {isa = PBXBuildFile; fileRef = 15D410FC228A1AB100E5DB0F /* SugarSyncUser.m */; };
		15D41120228A1AB100E5DB0F /* SugarSyncReceivedShare.m in Sources */ = {isa = PBXBuildFile; fileRef = 15D410FD228A1AB100E5DB0F /* SugarSyncReceivedShare.m */; };
		15D41121228A1AB100E5DB0F /* SugarSyncWorkspace.m in Sources */ = {isa = PBXBuildFile; fileRef = 15D410FE228A1AB100E5DB0F /* SugarSyncWorkspace.m */; };
		15D41122228A1AB100E5DB0F /* SugarSyncFileVersion.m in Sources */ = {isa = PBXBuildFile; fileRef = 15D410FF228A1AB100E5DB0F /* SugarSyncFileVersion.m */; };
		15D41123228A1AB100E5DB0F /* SugarSyncAlbum.m in Sources */ = {isa = PBXBuildFile; fileRef = 15D41100228A1AB100E5DB0F /* SugarSyncAlbum.m */; };
		15D41124228A1AB100E5DB0F /* SugarSyncLoginView_iphone.xib in Resources */ = {isa = PBXBuildFile; fileRef = 15D41101228A1AB100E5DB0F /* SugarSyncLoginView_iphone.xib */; };
		15D41125228A1AB100E5DB0F /* SugarSyncLoginViewController.h in Headers */ = {isa = PBXBuildFile; fileRef = 15D41102228A1AB100E5DB0F /* SugarSyncLoginViewController.h */; };
		15D41126228A1AB100E5DB0F /* SugarSyncFile.m in Sources */ = {isa = PBXBuildFile; fileRef = 15D41103228A1AB100E5DB0F /* SugarSyncFile.m */; };
		15D41127228A1AB100E5DB0F /* SugarSyncContact.m in Sources */ = {isa = PBXBuildFile; fileRef = 15D41104228A1AB100E5DB0F /* SugarSyncContact.m */; };
		15D41128228A1AB100E5DB0F /* SugarSyncCollection.m in Sources */ = {isa = PBXBuildFile; fileRef = 15D41105228A1AB100E5DB0F /* SugarSyncCollection.m */; };
		15D41129228A1AB100E5DB0F /* SugarSyncClient.m in Sources */ = {isa = PBXBuildFile; fileRef = 15D41106228A1AB100E5DB0F /* SugarSyncClient.m */; };
		15D4112C228A1B0C00E5DB0F /* libxml2.2.tbd in Frameworks */ = {isa = PBXBuildFile; fileRef = 15D4112B228A1B0C00E5DB0F /* libxml2.2.tbd */; };
		15D4112F228A1B7200E5DB0F /* KeychainItemWrapper.h in Headers */ = {isa = PBXBuildFile; fileRef = 15D4112D228A1B7200E5DB0F /* KeychainItemWrapper.h */; };
		15D41130228A1B7200E5DB0F /* KeychainItemWrapper.m in Sources */ = {isa = PBXBuildFile; fileRef = 15D4112E228A1B7200E5DB0F /* KeychainItemWrapper.m */; };
/* End PBXBuildFile section */

/* Begin PBXFileReference section */
		15D410D5228A1A5400E5DB0F /* SugarSyncSDK.framework */ = {isa = PBXFileReference; explicitFileType = wrapper.framework; includeInIndex = 0; path = SugarSyncSDK.framework; sourceTree = BUILT_PRODUCTS_DIR; };
		15D410D8228A1A5400E5DB0F /* SugarSyncSDK.h */ = {isa = PBXFileReference; lastKnownFileType = sourcecode.c.h; path = SugarSyncSDK.h; sourceTree = "<group>"; };
		15D410D9228A1A5400E5DB0F /* Info.plist */ = {isa = PBXFileReference; lastKnownFileType = text.plist.xml; path = Info.plist; sourceTree = "<group>"; };
		15D410E1228A1AB100E5DB0F /* sugarsync-banner.png */ = {isa = PBXFileReference; lastKnownFileType = image.png; path = "sugarsync-banner.png"; sourceTree = "<group>"; };
		15D410E3228A1AB100E5DB0F /* SugarSyncFile.h */ = {isa = PBXFileReference; fileEncoding = 4; lastKnownFileType = sourcecode.c.h; path = SugarSyncFile.h; sourceTree = "<group>"; };
		15D410E4228A1AB100E5DB0F /* SugarSyncContact.h */ = {isa = PBXFileReference; fileEncoding = 4; lastKnownFileType = sourcecode.c.h; path = SugarSyncContact.h; sourceTree = "<group>"; };
		15D410E5228A1AB100E5DB0F /* SugarSyncClient.h */ = {isa = PBXFileReference; fileEncoding = 4; lastKnownFileType = sourcecode.c.h; path = SugarSyncClient.h; sourceTree = "<group>"; };
		15D410E6228A1AB100E5DB0F /* SugarSyncCollection.h */ = {isa = PBXFileReference; fileEncoding = 4; lastKnownFileType = sourcecode.c.h; path = SugarSyncCollection.h; sourceTree = "<group>"; };
		15D410E7228A1AB100E5DB0F /* SugarSyncFolder.h */ = {isa = PBXFileReference; fileEncoding = 4; lastKnownFileType = sourcecode.c.h; path = SugarSyncFolder.h; sourceTree = "<group>"; };
		15D410E8228A1AB100E5DB0F /* SugarSyncWorkspace.h */ = {isa = PBXFileReference; fileEncoding = 4; lastKnownFileType = sourcecode.c.h; path = SugarSyncWorkspace.h; sourceTree = "<group>"; };
		15D410E9228A1AB100E5DB0F /* SugarSyncReceivedShare.h */ = {isa = PBXFileReference; fileEncoding = 4; lastKnownFileType = sourcecode.c.h; path = SugarSyncReceivedShare.h; sourceTree = "<group>"; };
		15D410EA228A1AB100E5DB0F /* SugarSyncUser.h */ = {isa = PBXFileReference; fileEncoding = 4; lastKnownFileType = sourcecode.c.h; path = SugarSyncUser.h; sourceTree = "<group>"; };
		15D410EB228A1AB100E5DB0F /* SugarSyncAlbum.h */ = {isa = PBXFileReference; fileEncoding = 4; lastKnownFileType = sourcecode.c.h; path = SugarSyncAlbum.h; sourceTree = "<group>"; };
		15D410EC228A1AB100E5DB0F /* SugarSyncFileVersion.h */ = {isa = PBXFileReference; fileEncoding = 4; lastKnownFileType = sourcecode.c.h; path = SugarSyncFileVersion.h; sourceTree = "<group>"; };
		15D410EE228A1AB100E5DB0F /* SSHttpFetcher.m */ = {isa = PBXFileReference; fileEncoding = 4; lastKnownFileType = sourcecode.c.objc; path = SSHttpFetcher.m; sourceTree = "<group>"; };
		15D410EF228A1AB100E5DB0F /* XPathQuery.h */ = {isa = PBXFileReference; fileEncoding = 4; lastKnownFileType = sourcecode.c.h; path = XPathQuery.h; sourceTree = "<group>"; };
		15D410F0228A1AB100E5DB0F /* SSXMLLibUtil.m */ = {isa = PBXFileReference; fileEncoding = 4; lastKnownFileType = sourcecode.c.objc; path = SSXMLLibUtil.m; sourceTree = "<group>"; };
		15D410F1228A1AB100E5DB0F /* SSC9Log.m */ = {isa = PBXFileReference; fileEncoding = 4; lastKnownFileType = sourcecode.c.objc; path = SSC9Log.m; sourceTree = "<group>"; };
		15D410F2228A1AB100E5DB0F /* SSErrorUtil.m */ = {isa = PBXFileReference; fileEncoding = 4; lastKnownFileType = sourcecode.c.objc; path = SSErrorUtil.m; sourceTree = "<group>"; };
		15D410F3228A1AB100E5DB0F /* SSHttpFetcher.h */ = {isa = PBXFileReference; fileEncoding = 4; lastKnownFileType = sourcecode.c.h; path = SSHttpFetcher.h; sourceTree = "<group>"; };
		15D410F4228A1AB100E5DB0F /* XPathQuery.m */ = {isa = PBXFileReference; fileEncoding = 4; lastKnownFileType = sourcecode.c.objc; path = XPathQuery.m; sourceTree = "<group>"; };
		15D410F5228A1AB100E5DB0F /* SSC9Log.h */ = {isa = PBXFileReference; fileEncoding = 4; lastKnownFileType = sourcecode.c.h; path = SSC9Log.h; sourceTree = "<group>"; };
		15D410F6228A1AB100E5DB0F /* SSXMLLibUtil.h */ = {isa = PBXFileReference; fileEncoding = 4; lastKnownFileType = sourcecode.c.h; path = SSXMLLibUtil.h; sourceTree = "<group>"; };
		15D410F7228A1AB100E5DB0F /* SSErrorUtil.h */ = {isa = PBXFileReference; fileEncoding = 4; lastKnownFileType = sourcecode.c.h; path = SSErrorUtil.h; sourceTree = "<group>"; };
		15D410F9228A1AB100E5DB0F /* SugarSyncFolder.m */ = {isa = PBXFileReference; fileEncoding = 4; lastKnownFileType = sourcecode.c.objc; path = SugarSyncFolder.m; sourceTree = "<group>"; };
		15D410FA228A1AB100E5DB0F /* SugarSyncLoginViewController.m */ = {isa = PBXFileReference; fileEncoding = 4; lastKnownFileType = sourcecode.c.objc; path = SugarSyncLoginViewController.m; sourceTree = "<group>"; };
		15D410FB228A1AB100E5DB0F /* SugarSyncLoginView_ipad.xib */ = {isa = PBXFileReference; fileEncoding = 4; lastKnownFileType = file.xib; path = SugarSyncLoginView_ipad.xib; sourceTree = "<group>"; };
		15D410FC228A1AB100E5DB0F /* SugarSyncUser.m */ = {isa = PBXFileReference; fileEncoding = 4; lastKnownFileType = sourcecode.c.objc; path = SugarSyncUser.m; sourceTree = "<group>"; };
		15D410FD228A1AB100E5DB0F /* SugarSyncReceivedShare.m */ = {isa = PBXFileReference; fileEncoding = 4; lastKnownFileType = sourcecode.c.objc; path = SugarSyncReceivedShare.m; sourceTree = "<group>"; };
		15D410FE228A1AB100E5DB0F /* SugarSyncWorkspace.m */ = {isa = PBXFileReference; fileEncoding = 4; lastKnownFileType = sourcecode.c.objc; path = SugarSyncWorkspace.m; sourceTree = "<group>"; };
		15D410FF228A1AB100E5DB0F /* SugarSyncFileVersion.m */ = {isa = PBXFileReference; fileEncoding = 4; lastKnownFileType = sourcecode.c.objc; path = SugarSyncFileVersion.m; sourceTree = "<group>"; };
		15D41100228A1AB100E5DB0F /* SugarSyncAlbum.m */ = {isa = PBXFileReference; fileEncoding = 4; lastKnownFileType = sourcecode.c.objc; path = SugarSyncAlbum.m; sourceTree = "<group>"; };
		15D41101228A1AB100E5DB0F /* SugarSyncLoginView_iphone.xib */ = {isa = PBXFileReference; fileEncoding = 4; lastKnownFileType = file.xib; path = SugarSyncLoginView_iphone.xib; sourceTree = "<group>"; };
		15D41102228A1AB100E5DB0F /* SugarSyncLoginViewController.h */ = {isa = PBXFileReference; fileEncoding = 4; lastKnownFileType = sourcecode.c.h; path = SugarSyncLoginViewController.h; sourceTree = "<group>"; };
		15D41103228A1AB100E5DB0F /* SugarSyncFile.m */ = {isa = PBXFileReference; fileEncoding = 4; lastKnownFileType = sourcecode.c.objc; path = SugarSyncFile.m; sourceTree = "<group>"; };
		15D41104228A1AB100E5DB0F /* SugarSyncContact.m */ = {isa = PBXFileReference; fileEncoding = 4; lastKnownFileType = sourcecode.c.objc; path = SugarSyncContact.m; sourceTree = "<group>"; };
		15D41105228A1AB100E5DB0F /* SugarSyncCollection.m */ = {isa = PBXFileReference; fileEncoding = 4; lastKnownFileType = sourcecode.c.objc; path = SugarSyncCollection.m; sourceTree = "<group>"; };
		15D41106228A1AB100E5DB0F /* SugarSyncClient.m */ = {isa = PBXFileReference; fileEncoding = 4; lastKnownFileType = sourcecode.c.objc; path = SugarSyncClient.m; sourceTree = "<group>"; };
		15D4112B228A1B0C00E5DB0F /* libxml2.2.tbd */ = {isa = PBXFileReference; lastKnownFileType = "sourcecode.text-based-dylib-definition"; name = libxml2.2.tbd; path = usr/lib/libxml2.2.tbd; sourceTree = SDKROOT; };
		15D4112D228A1B7200E5DB0F /* KeychainItemWrapper.h */ = {isa = PBXFileReference; lastKnownFileType = sourcecode.c.h; path = KeychainItemWrapper.h; sourceTree = "<group>"; };
		15D4112E228A1B7200E5DB0F /* KeychainItemWrapper.m */ = {isa = PBXFileReference; lastKnownFileType = sourcecode.c.objc; path = KeychainItemWrapper.m; sourceTree = "<group>"; };
/* End PBXFileReference section */

/* Begin PBXFrameworksBuildPhase section */
		15D410D2228A1A5400E5DB0F /* Frameworks */ = {
			isa = PBXFrameworksBuildPhase;
			buildActionMask = 2147483647;
			files = (
				15D4112C228A1B0C00E5DB0F /* libxml2.2.tbd in Frameworks */,
			);
			runOnlyForDeploymentPostprocessing = 0;
		};
/* End PBXFrameworksBuildPhase section */

/* Begin PBXGroup section */
		15D410CB228A1A5400E5DB0F = {
			isa = PBXGroup;
			children = (
				15D410D7228A1A5400E5DB0F /* SugarSyncSDK */,
				15D410D6228A1A5400E5DB0F /* Products */,
				15D4112A228A1B0C00E5DB0F /* Frameworks */,
			);
			sourceTree = "<group>";
		};
		15D410D6228A1A5400E5DB0F /* Products */ = {
			isa = PBXGroup;
			children = (
				15D410D5228A1A5400E5DB0F /* SugarSyncSDK.framework */,
			);
			name = Products;
			sourceTree = "<group>";
		};
		15D410D7228A1A5400E5DB0F /* SugarSyncSDK */ = {
			isa = PBXGroup;
			children = (
				15D410E0228A1AB100E5DB0F /* Images */,
				15D410F8228A1AB100E5DB0F /* Private */,
				15D410E2228A1AB100E5DB0F /* Public Headers */,
				15D410ED228A1AB100E5DB0F /* Utilities */,
				15D410D8228A1A5400E5DB0F /* SugarSyncSDK.h */,
				15D410D9228A1A5400E5DB0F /* Info.plist */,
			);
			path = SugarSyncSDK;
			sourceTree = "<group>";
		};
		15D410E0228A1AB100E5DB0F /* Images */ = {
			isa = PBXGroup;
			children = (
				15D410E1228A1AB100E5DB0F /* sugarsync-banner.png */,
			);
			path = Images;
			sourceTree = SOURCE_ROOT;
		};
		15D410E2228A1AB100E5DB0F /* Public Headers */ = {
			isa = PBXGroup;
			children = (
				15D410E3228A1AB100E5DB0F /* SugarSyncFile.h */,
				15D410E4228A1AB100E5DB0F /* SugarSyncContact.h */,
				15D410E5228A1AB100E5DB0F /* SugarSyncClient.h */,
				15D410E6228A1AB100E5DB0F /* SugarSyncCollection.h */,
				15D410E7228A1AB100E5DB0F /* SugarSyncFolder.h */,
				15D410E8228A1AB100E5DB0F /* SugarSyncWorkspace.h */,
				15D410E9228A1AB100E5DB0F /* SugarSyncReceivedShare.h */,
				15D410EA228A1AB100E5DB0F /* SugarSyncUser.h */,
				15D410EB228A1AB100E5DB0F /* SugarSyncAlbum.h */,
				15D410EC228A1AB100E5DB0F /* SugarSyncFileVersion.h */,
			);
			path = "Public Headers";
			sourceTree = SOURCE_ROOT;
		};
		15D410ED228A1AB100E5DB0F /* Utilities */ = {
			isa = PBXGroup;
			children = (
				15D410EE228A1AB100E5DB0F /* SSHttpFetcher.m */,
				15D410EF228A1AB100E5DB0F /* XPathQuery.h */,
				15D410F0228A1AB100E5DB0F /* SSXMLLibUtil.m */,
				15D410F1228A1AB100E5DB0F /* SSC9Log.m */,
				15D410F2228A1AB100E5DB0F /* SSErrorUtil.m */,
				15D410F3228A1AB100E5DB0F /* SSHttpFetcher.h */,
				15D410F4228A1AB100E5DB0F /* XPathQuery.m */,
				15D410F5228A1AB100E5DB0F /* SSC9Log.h */,
				15D410F6228A1AB100E5DB0F /* SSXMLLibUtil.h */,
				15D410F7228A1AB100E5DB0F /* SSErrorUtil.h */,
				15D4112D228A1B7200E5DB0F /* KeychainItemWrapper.h */,
				15D4112E228A1B7200E5DB0F /* KeychainItemWrapper.m */,
			);
			path = Utilities;
			sourceTree = SOURCE_ROOT;
		};
		15D410F8228A1AB100E5DB0F /* Private */ = {
			isa = PBXGroup;
			children = (
				15D410F9228A1AB100E5DB0F /* SugarSyncFolder.m */,
				15D410FA228A1AB100E5DB0F /* SugarSyncLoginViewController.m */,
				15D410FB228A1AB100E5DB0F /* SugarSyncLoginView_ipad.xib */,
				15D410FC228A1AB100E5DB0F /* SugarSyncUser.m */,
				15D410FD228A1AB100E5DB0F /* SugarSyncReceivedShare.m */,
				15D410FE228A1AB100E5DB0F /* SugarSyncWorkspace.m */,
				15D410FF228A1AB100E5DB0F /* SugarSyncFileVersion.m */,
				15D41100228A1AB100E5DB0F /* SugarSyncAlbum.m */,
				15D41101228A1AB100E5DB0F /* SugarSyncLoginView_iphone.xib */,
				15D41102228A1AB100E5DB0F /* SugarSyncLoginViewController.h */,
				15D41103228A1AB100E5DB0F /* SugarSyncFile.m */,
				15D41104228A1AB100E5DB0F /* SugarSyncContact.m */,
				15D41105228A1AB100E5DB0F /* SugarSyncCollection.m */,
				15D41106228A1AB100E5DB0F /* SugarSyncClient.m */,
			);
			path = Private;
			sourceTree = SOURCE_ROOT;
		};
		15D4112A228A1B0C00E5DB0F /* Frameworks */ = {
			isa = PBXGroup;
			children = (
				15D4112B228A1B0C00E5DB0F /* libxml2.2.tbd */,
			);
			name = Frameworks;
			sourceTree = "<group>";
		};
/* End PBXGroup section */

/* Begin PBXHeadersBuildPhase section */
		15D410D0228A1A5400E5DB0F /* Headers */ = {
			isa = PBXHeadersBuildPhase;
			buildActionMask = 2147483647;
			files = (
				15D41117228A1AB100E5DB0F /* SSHttpFetcher.h in Headers */,
				15D4111B228A1AB100E5DB0F /* SSErrorUtil.h in Headers */,
				15D4110C228A1AB100E5DB0F /* SugarSyncFolder.h in Headers */,
				15D41108228A1AB100E5DB0F /* SugarSyncFile.h in Headers */,
				15D4110B228A1AB100E5DB0F /* SugarSyncCollection.h in Headers */,
				15D4111A228A1AB100E5DB0F /* SSXMLLibUtil.h in Headers */,
				15D4110A228A1AB100E5DB0F /* SugarSyncClient.h in Headers */,
				15D41110228A1AB100E5DB0F /* SugarSyncAlbum.h in Headers */,
				15D41111228A1AB100E5DB0F /* SugarSyncFileVersion.h in Headers */,
				15D41125228A1AB100E5DB0F /* SugarSyncLoginViewController.h in Headers */,
				15D41109228A1AB100E5DB0F /* SugarSyncContact.h in Headers */,
				15D4110D228A1AB100E5DB0F /* SugarSyncWorkspace.h in Headers */,
				15D41119228A1AB100E5DB0F /* SSC9Log.h in Headers */,
				15D410DA228A1A5400E5DB0F /* SugarSyncSDK.h in Headers */,
				15D41113228A1AB100E5DB0F /* XPathQuery.h in Headers */,
				15D4110E228A1AB100E5DB0F /* SugarSyncReceivedShare.h in Headers */,
				15D4110F228A1AB100E5DB0F /* SugarSyncUser.h in Headers */,
				15D4112F228A1B7200E5DB0F /* KeychainItemWrapper.h in Headers */,
			);
			runOnlyForDeploymentPostprocessing = 0;
		};
/* End PBXHeadersBuildPhase section */

/* Begin PBXNativeTarget section */
		15D410D4228A1A5400E5DB0F /* SugarSyncSDK */ = {
			isa = PBXNativeTarget;
			buildConfigurationList = 15D410DD228A1A5400E5DB0F /* Build configuration list for PBXNativeTarget "SugarSyncSDK" */;
			buildPhases = (
				15D410D0228A1A5400E5DB0F /* Headers */,
				15D410D1228A1A5400E5DB0F /* Sources */,
				15D410D2228A1A5400E5DB0F /* Frameworks */,
				15D410D3228A1A5400E5DB0F /* Resources */,
			);
			buildRules = (
			);
			dependencies = (
			);
			name = SugarSyncSDK;
			productName = SugarSyncSDK;
			productReference = 15D410D5228A1A5400E5DB0F /* SugarSyncSDK.framework */;
			productType = "com.apple.product-type.framework";
		};
/* End PBXNativeTarget section */

/* Begin PBXProject section */
		15D410CC228A1A5400E5DB0F /* Project object */ = {
			isa = PBXProject;
			attributes = {
				LastUpgradeCheck = 1020;
				ORGANIZATIONNAME = "The Grizzly Labs";
				TargetAttributes = {
					15D410D4228A1A5400E5DB0F = {
						CreatedOnToolsVersion = 10.2.1;
					};
				};
			};
			buildConfigurationList = 15D410CF228A1A5400E5DB0F /* Build configuration list for PBXProject "SugarSyncSDK" */;
			compatibilityVersion = "Xcode 9.3";
			developmentRegion = en;
			hasScannedForEncodings = 0;
			knownRegions = (
				en,
			);
			mainGroup = 15D410CB228A1A5400E5DB0F;
			productRefGroup = 15D410D6228A1A5400E5DB0F /* Products */;
			projectDirPath = "";
			projectRoot = "";
			targets = (
				15D410D4228A1A5400E5DB0F /* SugarSyncSDK */,
			);
		};
/* End PBXProject section */

/* Begin PBXResourcesBuildPhase section */
		15D410D3228A1A5400E5DB0F /* Resources */ = {
			isa = PBXResourcesBuildPhase;
			buildActionMask = 2147483647;
			files = (
				15D41124228A1AB100E5DB0F /* SugarSyncLoginView_iphone.xib in Resources */,
				15D4111E228A1AB100E5DB0F /* SugarSyncLoginView_ipad.xib in Resources */,
				15D41107228A1AB100E5DB0F /* sugarsync-banner.png in Resources */,
			);
			runOnlyForDeploymentPostprocessing = 0;
		};
/* End PBXResourcesBuildPhase section */

/* Begin PBXSourcesBuildPhase section */
		15D410D1228A1A5400E5DB0F /* Sources */ = {
			isa = PBXSourcesBuildPhase;
			buildActionMask = 2147483647;
			files = (
				15D4111F228A1AB100E5DB0F /* SugarSyncUser.m in Sources */,
				15D41115228A1AB100E5DB0F /* SSC9Log.m in Sources */,
				15D41120228A1AB100E5DB0F /* SugarSyncReceivedShare.m in Sources */,
				15D41126228A1AB100E5DB0F /* SugarSyncFile.m in Sources */,
				15D41112228A1AB100E5DB0F /* SSHttpFetcher.m in Sources */,
				15D41118228A1AB100E5DB0F /* XPathQuery.m in Sources */,
				15D41128228A1AB100E5DB0F /* SugarSyncCollection.m in Sources */,
				15D4111D228A1AB100E5DB0F /* SugarSyncLoginViewController.m in Sources */,
				15D4111C228A1AB100E5DB0F /* SugarSyncFolder.m in Sources */,
				15D41127228A1AB100E5DB0F /* SugarSyncContact.m in Sources */,
				15D41129228A1AB100E5DB0F /* SugarSyncClient.m in Sources */,
				15D41123228A1AB100E5DB0F /* SugarSyncAlbum.m in Sources */,
				15D41121228A1AB100E5DB0F /* SugarSyncWorkspace.m in Sources */,
				15D41122228A1AB100E5DB0F /* SugarSyncFileVersion.m in Sources */,
				15D41130228A1B7200E5DB0F /* KeychainItemWrapper.m in Sources */,
				15D41116228A1AB100E5DB0F /* SSErrorUtil.m in Sources */,
				15D41114228A1AB100E5DB0F /* SSXMLLibUtil.m in Sources */,
			);
			runOnlyForDeploymentPostprocessing = 0;
		};
/* End PBXSourcesBuildPhase section */

/* Begin XCBuildConfiguration section */
		15D410DB228A1A5400E5DB0F /* Debug */ = {
			isa = XCBuildConfiguration;
			buildSettings = {
				ALWAYS_SEARCH_USER_PATHS = NO;
				CLANG_ANALYZER_NONNULL = YES;
				CLANG_ANALYZER_NUMBER_OBJECT_CONVERSION = YES_AGGRESSIVE;
				CLANG_CXX_LANGUAGE_STANDARD = "gnu++14";
				CLANG_CXX_LIBRARY = "libc++";
				CLANG_ENABLE_MODULES = YES;
				CLANG_ENABLE_OBJC_ARC = YES;
				CLANG_ENABLE_OBJC_WEAK = YES;
				CLANG_WARN_BLOCK_CAPTURE_AUTORELEASING = YES;
				CLANG_WARN_BOOL_CONVERSION = YES;
				CLANG_WARN_COMMA = YES;
				CLANG_WARN_CONSTANT_CONVERSION = YES;
				CLANG_WARN_DEPRECATED_OBJC_IMPLEMENTATIONS = YES;
				CLANG_WARN_DIRECT_OBJC_ISA_USAGE = YES_ERROR;
				CLANG_WARN_DOCUMENTATION_COMMENTS = YES;
				CLANG_WARN_EMPTY_BODY = YES;
				CLANG_WARN_ENUM_CONVERSION = YES;
				CLANG_WARN_INFINITE_RECURSION = YES;
				CLANG_WARN_INT_CONVERSION = YES;
				CLANG_WARN_NON_LITERAL_NULL_CONVERSION = YES;
				CLANG_WARN_OBJC_IMPLICIT_RETAIN_SELF = YES;
				CLANG_WARN_OBJC_LITERAL_CONVERSION = YES;
				CLANG_WARN_OBJC_ROOT_CLASS = YES_ERROR;
				CLANG_WARN_RANGE_LOOP_ANALYSIS = YES;
				CLANG_WARN_STRICT_PROTOTYPES = YES;
				CLANG_WARN_SUSPICIOUS_MOVE = YES;
				CLANG_WARN_UNGUARDED_AVAILABILITY = YES_AGGRESSIVE;
				CLANG_WARN_UNREACHABLE_CODE = YES;
				CLANG_WARN__DUPLICATE_METHOD_MATCH = YES;
				CODE_SIGN_IDENTITY = "iPhone Developer";
				COPY_PHASE_STRIP = NO;
				CURRENT_PROJECT_VERSION = 1;
				DEBUG_INFORMATION_FORMAT = dwarf;
				ENABLE_STRICT_OBJC_MSGSEND = YES;
				ENABLE_TESTABILITY = YES;
				GCC_C_LANGUAGE_STANDARD = gnu11;
				GCC_DYNAMIC_NO_PIC = NO;
				GCC_NO_COMMON_BLOCKS = YES;
				GCC_OPTIMIZATION_LEVEL = 0;
				GCC_PREPROCESSOR_DEFINITIONS = (
					"DEBUG=1",
					"$(inherited)",
				);
				GCC_WARN_64_TO_32_BIT_CONVERSION = YES;
				GCC_WARN_ABOUT_RETURN_TYPE = YES_ERROR;
				GCC_WARN_UNDECLARED_SELECTOR = YES;
				GCC_WARN_UNINITIALIZED_AUTOS = YES_AGGRESSIVE;
				GCC_WARN_UNUSED_FUNCTION = YES;
				GCC_WARN_UNUSED_VARIABLE = YES;
				IPHONEOS_DEPLOYMENT_TARGET = 12.2;
				MTL_ENABLE_DEBUG_INFO = INCLUDE_SOURCE;
				MTL_FAST_MATH = YES;
				ONLY_ACTIVE_ARCH = YES;
				SDKROOT = iphoneos;
				VERSIONING_SYSTEM = "apple-generic";
				VERSION_INFO_PREFIX = "";
			};
			name = Debug;
		};
		15D410DC228A1A5400E5DB0F /* Release */ = {
			isa = XCBuildConfiguration;
			buildSettings = {
				ALWAYS_SEARCH_USER_PATHS = NO;
				CLANG_ANALYZER_NONNULL = YES;
				CLANG_ANALYZER_NUMBER_OBJECT_CONVERSION = YES_AGGRESSIVE;
				CLANG_CXX_LANGUAGE_STANDARD = "gnu++14";
				CLANG_CXX_LIBRARY = "libc++";
				CLANG_ENABLE_MODULES = YES;
				CLANG_ENABLE_OBJC_ARC = YES;
				CLANG_ENABLE_OBJC_WEAK = YES;
				CLANG_WARN_BLOCK_CAPTURE_AUTORELEASING = YES;
				CLANG_WARN_BOOL_CONVERSION = YES;
				CLANG_WARN_COMMA = YES;
				CLANG_WARN_CONSTANT_CONVERSION = YES;
				CLANG_WARN_DEPRECATED_OBJC_IMPLEMENTATIONS = YES;
				CLANG_WARN_DIRECT_OBJC_ISA_USAGE = YES_ERROR;
				CLANG_WARN_DOCUMENTATION_COMMENTS = YES;
				CLANG_WARN_EMPTY_BODY = YES;
				CLANG_WARN_ENUM_CONVERSION = YES;
				CLANG_WARN_INFINITE_RECURSION = YES;
				CLANG_WARN_INT_CONVERSION = YES;
				CLANG_WARN_NON_LITERAL_NULL_CONVERSION = YES;
				CLANG_WARN_OBJC_IMPLICIT_RETAIN_SELF = YES;
				CLANG_WARN_OBJC_LITERAL_CONVERSION = YES;
				CLANG_WARN_OBJC_ROOT_CLASS = YES_ERROR;
				CLANG_WARN_RANGE_LOOP_ANALYSIS = YES;
				CLANG_WARN_STRICT_PROTOTYPES = YES;
				CLANG_WARN_SUSPICIOUS_MOVE = YES;
				CLANG_WARN_UNGUARDED_AVAILABILITY = YES_AGGRESSIVE;
				CLANG_WARN_UNREACHABLE_CODE = YES;
				CLANG_WARN__DUPLICATE_METHOD_MATCH = YES;
				CODE_SIGN_IDENTITY = "iPhone Developer";
				COPY_PHASE_STRIP = NO;
				CURRENT_PROJECT_VERSION = 1;
				DEBUG_INFORMATION_FORMAT = "dwarf-with-dsym";
				ENABLE_NS_ASSERTIONS = NO;
				ENABLE_STRICT_OBJC_MSGSEND = YES;
				GCC_C_LANGUAGE_STANDARD = gnu11;
				GCC_NO_COMMON_BLOCKS = YES;
				GCC_WARN_64_TO_32_BIT_CONVERSION = YES;
				GCC_WARN_ABOUT_RETURN_TYPE = YES_ERROR;
				GCC_WARN_UNDECLARED_SELECTOR = YES;
				GCC_WARN_UNINITIALIZED_AUTOS = YES_AGGRESSIVE;
				GCC_WARN_UNUSED_FUNCTION = YES;
				GCC_WARN_UNUSED_VARIABLE = YES;
				IPHONEOS_DEPLOYMENT_TARGET = 12.2;
				MTL_ENABLE_DEBUG_INFO = NO;
				MTL_FAST_MATH = YES;
				SDKROOT = iphoneos;
				VALIDATE_PRODUCT = YES;
				VERSIONING_SYSTEM = "apple-generic";
				VERSION_INFO_PREFIX = "";
			};
			name = Release;
		};
		15D410DE228A1A5400E5DB0F /* Debug */ = {
			isa = XCBuildConfiguration;
			buildSettings = {
				CODE_SIGN_IDENTITY = "";
				CODE_SIGN_STYLE = Automatic;
				DEFINES_MODULE = YES;
				DEVELOPMENT_TEAM = 67ZL68PX9A;
				DYLIB_COMPATIBILITY_VERSION = 1;
				DYLIB_CURRENT_VERSION = 1;
				DYLIB_INSTALL_NAME_BASE = "@rpath";
				HEADER_SEARCH_PATHS = "${SDK_ROOT}/usr/include/libxml2";
				INFOPLIST_FILE = SugarSyncSDK/Info.plist;
				INSTALL_PATH = "$(LOCAL_LIBRARY_DIR)/Frameworks";
				LD_RUNPATH_SEARCH_PATHS = (
					"$(inherited)",
					"@executable_path/Frameworks",
					"@loader_path/Frameworks",
				);
				MACH_O_TYPE = staticlib;
				PRODUCT_BUNDLE_IDENTIFIER = com.thegrizzlylabs.SugarSyncSDK;
				PRODUCT_NAME = "$(TARGET_NAME:c99extidentifier)";
				SKIP_INSTALL = YES;
				TARGETED_DEVICE_FAMILY = "1,2";
			};
			name = Debug;
		};
		15D410DF228A1A5400E5DB0F /* Release */ = {
			isa = XCBuildConfiguration;
			buildSettings = {
				CODE_SIGN_IDENTITY = "";
				CODE_SIGN_STYLE = Automatic;
				DEFINES_MODULE = YES;
				DEVELOPMENT_TEAM = 67ZL68PX9A;
				DYLIB_COMPATIBILITY_VERSION = 1;
				DYLIB_CURRENT_VERSION = 1;
				DYLIB_INSTALL_NAME_BASE = "@rpath";
				HEADER_SEARCH_PATHS = "${SDK_ROOT}/usr/include/libxml2";
				INFOPLIST_FILE = SugarSyncSDK/Info.plist;
				INSTALL_PATH = "$(LOCAL_LIBRARY_DIR)/Frameworks";
				LD_RUNPATH_SEARCH_PATHS = (
					"$(inherited)",
					"@executable_path/Frameworks",
					"@loader_path/Frameworks",
				);
				MACH_O_TYPE = staticlib;
				PRODUCT_BUNDLE_IDENTIFIER = com.thegrizzlylabs.SugarSyncSDK;
				PRODUCT_NAME = "$(TARGET_NAME:c99extidentifier)";
				SKIP_INSTALL = YES;
				TARGETED_DEVICE_FAMILY = "1,2";
			};
			name = Release;
		};
/* End XCBuildConfiguration section */

/* Begin XCConfigurationList section */
		15D410CF228A1A5400E5DB0F /* Build configuration list for PBXProject "SugarSyncSDK" */ = {
			isa = XCConfigurationList;
			buildConfigurations = (
				15D410DB228A1A5400E5DB0F /* Debug */,
				15D410DC228A1A5400E5DB0F /* Release */,
			);
			defaultConfigurationIsVisible = 0;
			defaultConfigurationName = Release;
		};
		15D410DD228A1A5400E5DB0F /* Build configuration list for PBXNativeTarget "SugarSyncSDK" */ = {
			isa = XCConfigurationList;
			buildConfigurations = (
				15D410DE228A1A5400E5DB0F /* Debug */,
				15D410DF228A1A5400E5DB0F /* Release */,
			);
			defaultConfigurationIsVisible = 0;
			defaultConfigurationName = Release;
		};
/* End XCConfigurationList section */
	};
	rootObject = 15D410CC228A1A5400E5DB0F /* Project object */;
}
